
Microsoft Visual Studio Solution File, Format Version 12.00
# Visual Studio Version 16
VisualStudioVersion = 16.0.30413.136
MinimumVisualStudioVersion = 10.0.40219.1
Project("{FAE04EC0-301F-11D3-BF4B-00C04F79EFBC}") = "Лабораторная Работа №5", "Лабораторная Работа №5.csproj", "{FE937966-954E-482A-9083-C626D33D04ED}"
EndProject
Global
	GlobalSection(SolutionConfigurationPlatforms) = preSolution
		Debug|Any CPU = Debug|Any CPU
		Release|Any CPU = Release|Any CPU
	EndGlobalSection
	GlobalSection(ProjectConfigurationPlatforms) = postSolution
		{FE937966-954E-482A-9083-C626D33D04ED}.Debug|Any CPU.ActiveCfg = Debug|Any CPU
		{FE937966-954E-482A-9083-C626D33D04ED}.Debug|Any CPU.Build.0 = Debug|Any CPU
		{FE937966-954E-482A-9083-C626D33D04ED}.Release|Any CPU.ActiveCfg = Release|Any CPU
		{FE937966-954E-482A-9083-C626D33D04ED}.Release|Any CPU.Build.0 = Release|Any CPU
	EndGlobalSection
	GlobalSection(SolutionProperties) = preSolution
		HideSolutionNode = FALSE
	EndGlobalSection
	GlobalSection(ExtensibilityGlobals) = postSolution
		SolutionGuid = {7D41E6F5-EBAD-4F90-B089-56580C4E7428}
	EndGlobalSection
EndGlobal
